
Microsoft Visual Studio Solution File, Format Version 12.00
Project("{FAE04EC0-301F-11D3-BF4B-00C04F79EFBC}") = "ApiWithJwt", "ApiWithJwt\ApiWithJwt.csproj", "{F3560D9E-7973-42C5-8671-2B49EBB3799B}"
EndProject
Global
	GlobalSection(SolutionConfigurationPlatforms) = preSolution
		Debug|Any CPU = Debug|Any CPU
		Release|Any CPU = Release|Any CPU
	EndGlobalSection
	GlobalSection(ProjectConfigurationPlatforms) = postSolution
		{F3560D9E-7973-42C5-8671-2B49EBB3799B}.Debug|Any CPU.ActiveCfg = Debug|Any CPU
		{F3560D9E-7973-42C5-8671-2B49EBB3799B}.Debug|Any CPU.Build.0 = Debug|Any CPU
		{F3560D9E-7973-42C5-8671-2B49EBB3799B}.Release|Any CPU.ActiveCfg = Release|Any CPU
		{F3560D9E-7973-42C5-8671-2B49EBB3799B}.Release|Any CPU.Build.0 = Release|Any CPU
	EndGlobalSection
EndGlobal
